
# cargo-vet imports lock

[[publisher.bumpalo]]
version = "3.14.0"
when = "2023-09-14"
user-id = 696
user-login = "fitzgen"
user-name = "Nick Fitzgerald"

[[publisher.core-foundation-sys]]
version = "0.8.4"
when = "2023-04-03"
user-id = 5946
user-login = "jrmuizel"
user-name = "Jeff Muizelaar"

[[publisher.getopts]]
version = "0.2.21"
when = "2019-08-19"
user-id = 1
user-login = "alexcrichton"
user-name = "Alex Crichton"

[[publisher.itoa]]
version = "1.0.15"
when = "2025-03-03"
user-id = 3618
user-login = "dtolnay"
user-name = "David Tolnay"

[[publisher.js-sys]]
version = "0.3.76"
when = "2024-12-07"
user-id = 1
user-login = "alexcrichton"
user-name = "Alex Crichton"

[[publisher.libc]]
version = "0.2.170"
when = "2025-02-23"
user-id = 55123
user-login = "rust-lang-owner"

[[publisher.linux-raw-sys]]
version = "0.4.15"
when = "2025-01-08"
user-id = 6825
user-login = "sunfishcode"
user-name = "Dan Gohman"

[[publisher.lock_api]]
version = "0.4.12"
when = "2024-04-25"
user-id = 2915
user-login = "Amanieu"
user-name = "Amanieu d'Antras"

[[publisher.memchr]]
version = "2.7.4"
when = "2024-06-14"
user-id = 189
user-login = "BurntSushi"
user-name = "Andrew Gallant"

[[publisher.parking_lot]]
version = "0.12.3"
when = "2024-05-24"
user-id = 2915
user-login = "Amanieu"
user-name = "Amanieu d'Antras"

[[publisher.parking_lot_core]]
version = "0.9.10"
when = "2024-04-25"
user-id = 2915
user-login = "Amanieu"
user-name = "Amanieu d'Antras"

[[publisher.proc-macro2]]
version = "1.0.94"
when = "2025-03-03"
user-id = 3618
user-login = "dtolnay"
user-name = "David Tolnay"

[[publisher.quote]]
version = "1.0.39"
when = "2025-03-03"
user-id = 3618
user-login = "dtolnay"
user-name = "David Tolnay"

[[publisher.rustix]]
version = "0.38.44"
when = "2025-01-21"
user-id = 6825
user-login = "sunfishcode"
user-name = "Dan Gohman"

[[publisher.rustversion]]
version = "1.0.20"
when = "2025-03-04"
user-id = 3618
user-login = "dtolnay"
user-name = "David Tolnay"

[[publisher.ryu]]
version = "1.0.20"
when = "2025-03-04"
user-id = 3618
user-login = "dtolnay"
user-name = "David Tolnay"

[[publisher.scopeguard]]
version = "1.2.0"
when = "2023-07-17"
user-id = 2915
user-login = "Amanieu"
user-name = "Amanieu d'Antras"

[[publisher.serde]]
version = "1.0.218"
when = "2025-02-20"
user-id = 3618
user-login = "dtolnay"
user-name = "David Tolnay"

[[publisher.serde_derive]]
version = "1.0.218"
when = "2025-02-20"
user-id = 3618
user-login = "dtolnay"
user-name = "David Tolnay"

[[publisher.serde_json]]
version = "1.0.140"
when = "2025-03-03"
user-id = 3618
user-login = "dtolnay"
user-name = "David Tolnay"

[[publisher.smallvec]]
version = "1.14.0"
when = "2025-02-15"
user-id = 2017
user-login = "mbrubeck"
user-name = "Matt Brubeck"

[[publisher.syn]]
version = "2.0.99"
when = "2025-03-03"
user-id = 3618
user-login = "dtolnay"
user-name = "David Tolnay"

[[publisher.thiserror]]
version = "2.0.12"
when = "2025-03-03"
user-id = 3618
user-login = "dtolnay"
user-name = "David Tolnay"

[[publisher.thiserror-impl]]
version = "2.0.12"
when = "2025-03-03"
user-id = 3618
user-login = "dtolnay"
user-name = "David Tolnay"

[[publisher.toml]]
version = "0.5.7"
when = "2020-10-11"
user-id = 1
user-login = "alexcrichton"
user-name = "Alex Crichton"

[[publisher.unicode-ident]]
version = "1.0.18"
when = "2025-03-04"
user-id = 3618
user-login = "dtolnay"
user-name = "David Tolnay"

[[publisher.unicode-width]]
version = "0.1.14"
when = "2024-09-19"
user-id = 1139
user-login = "Manishearth"
user-name = "Manish Goregaokar"

[[publisher.wasi]]
version = "0.11.0+wasi-snapshot-preview1"
when = "2022-01-19"
user-id = 1
user-login = "alexcrichton"
user-name = "Alex Crichton"

[[publisher.wasm-bindgen]]
version = "0.2.99"
when = "2024-12-07"
user-id = 1
user-login = "alexcrichton"
user-name = "Alex Crichton"

[[publisher.wasm-bindgen-backend]]
version = "0.2.100"
when = "2025-01-12"
user-id = 1
user-login = "alexcrichton"
user-name = "Alex Crichton"

[[publisher.wasm-bindgen-macro]]
version = "0.2.99"
when = "2024-12-07"
user-id = 1
user-login = "alexcrichton"
user-name = "Alex Crichton"

[[publisher.wasm-bindgen-macro-support]]
version = "0.2.100"
when = "2025-01-12"
user-id = 1
user-login = "alexcrichton"
user-name = "Alex Crichton"

[[publisher.wasm-bindgen-shared]]
version = "0.2.100"
when = "2025-01-12"
user-id = 1
user-login = "alexcrichton"
user-name = "Alex Crichton"

[[publisher.windows-core]]
version = "0.52.0"
when = "2023-11-15"
user-id = 64539
user-login = "kennykerr"
user-name = "Kenny Kerr"

[[publisher.windows-sys]]
version = "0.52.0"
when = "2023-11-15"
user-id = 64539
user-login = "kennykerr"
user-name = "Kenny Kerr"

[[publisher.windows-targets]]
version = "0.52.6"
when = "2024-07-03"
user-id = 64539
user-login = "kennykerr"
user-name = "Kenny Kerr"

[[publisher.windows_aarch64_gnullvm]]
version = "0.52.6"
when = "2024-07-03"
user-id = 64539
user-login = "kennykerr"
user-name = "Kenny Kerr"

[[publisher.windows_aarch64_msvc]]
version = "0.52.6"
when = "2024-07-03"
user-id = 64539
user-login = "kennykerr"
user-name = "Kenny Kerr"

[[publisher.windows_i686_gnu]]
version = "0.52.6"
when = "2024-07-03"
user-id = 64539
user-login = "kennykerr"
user-name = "Kenny Kerr"

[[publisher.windows_i686_gnullvm]]
version = "0.52.6"
when = "2024-07-03"
user-id = 64539
user-login = "kennykerr"
user-name = "Kenny Kerr"

[[publisher.windows_i686_msvc]]
version = "0.52.6"
when = "2024-07-03"
user-id = 64539
user-login = "kennykerr"
user-name = "Kenny Kerr"

[[publisher.windows_x86_64_gnu]]
version = "0.52.6"
when = "2024-07-03"
user-id = 64539
user-login = "kennykerr"
user-name = "Kenny Kerr"

[[publisher.windows_x86_64_gnullvm]]
version = "0.52.6"
when = "2024-07-03"
user-id = 64539
user-login = "kennykerr"
user-name = "Kenny Kerr"

[[publisher.windows_x86_64_msvc]]
version = "0.52.6"
when = "2024-07-03"
user-id = 64539
user-login = "kennykerr"
user-name = "Kenny Kerr"

[[publisher.xash3d-admin]]
version = "0.2.0"
when = "2024-08-29"
user-id = 251561
user-login = "numas13"
user-name = "Denis Drakhnia"

[[publisher.xash3d-master]]
version = "0.2.1"
when = "2024-09-24"
user-id = 251561
user-login = "numas13"
user-name = "Denis Drakhnia"

[[publisher.xash3d-protocol]]
version = "0.2.0"
when = "2024-08-29"
user-id = 251561
user-login = "numas13"
user-name = "Denis Drakhnia"

[[publisher.xash3d-query]]
version = "0.2.0"
when = "2024-08-29"
user-id = 251561
user-login = "numas13"
user-name = "Denis Drakhnia"

[[audits.bytecode-alliance.wildcard-audits.bumpalo]]
who = "Nick Fitzgerald <fitzgen@gmail.com>"
criteria = "safe-to-deploy"
user-id = 696 # Nick Fitzgerald (fitzgen)
start = "2019-03-16"
end = "2025-07-30"

[[audits.bytecode-alliance.audits.ahash]]
who = "Chris Fallin <chris@cfallin.org>"
criteria = "safe-to-deploy"
delta = "0.7.6 -> 0.8.2"

[[audits.bytecode-alliance.audits.ahash]]
who = "Alex Crichton <alex@alexcrichton.com>"
criteria = "safe-to-deploy"
delta = "0.8.2 -> 0.8.7"
notes = """
Shuffling of features in this update and while there are updates to `unsafe`
code it's no different than before and the usage remains the same.
"""

[[audits.bytecode-alliance.audits.arrayref]]
who = "Nick Fitzgerald <fitzgen@gmail.com>"
criteria = "safe-to-deploy"
version = "0.3.6"
notes = """
Unsafe code, but its logic looks good to me. Necessary given what it is
doing. Well tested, has quickchecks.
"""

[[audits.bytecode-alliance.audits.bitflags]]
who = "Jamey Sharp <jsharp@fastly.com>"
criteria = "safe-to-deploy"
delta = "2.1.0 -> 2.2.1"
notes = """
This version adds unsafe impls of traits from the bytemuck crate when built
with that library enabled, but I believe the impls satisfy the documented
safety requirements for bytemuck. The other changes are minor.
"""

[[audits.bytecode-alliance.audits.bitflags]]
who = "Alex Crichton <alex@alexcrichton.com>"
criteria = "safe-to-deploy"
delta = "2.3.2 -> 2.3.3"
notes = """
Nothing outside the realm of what one would expect from a bitflags generator,
all as expected.
"""

[[audits.bytecode-alliance.audits.bitflags]]
who = "Alex Crichton <alex@alexcrichton.com>"
criteria = "safe-to-deploy"
delta = "2.4.1 -> 2.6.0"
notes = """
Changes in how macros are invoked and various bits and pieces of macro-fu.
Otherwise no major changes and nothing dealing with `unsafe`.
"""

[[audits.bytecode-alliance.audits.cc]]
who = "Alex Crichton <alex@alexcrichton.com>"
criteria = "safe-to-deploy"
version = "1.0.73"
notes = "I am the author of this crate."

[[audits.bytecode-alliance.audits.cc]]
who = "Alex Crichton <alex@alexcrichton.com>"
criteria = "safe-to-deploy"
delta = "1.0.83 -> 1.1.6"

[[audits.bytecode-alliance.audits.cc]]
who = "Alex Crichton <alex@alexcrichton.com>"
criteria = "safe-to-deploy"
delta = "1.1.6 -> 1.2.5"
notes = "Lots of minor updates here and there along with refactorings and such. Everything in line with what `cc` is expected to do."

[[audits.bytecode-alliance.audits.constant_time_eq]]
who = "Nick Fitzgerald <fitzgen@gmail.com>"
criteria = "safe-to-deploy"
version = "0.2.4"
notes = "A few tiny blocks of `unsafe` but each of them is very obviously correct."

[[audits.bytecode-alliance.audits.core-foundation-sys]]
who = "Dan Gohman <dev@sunfishcode.online>"
criteria = "safe-to-deploy"
delta = "0.8.4 -> 0.8.6"
notes = """
The changes here are all typical bindings updates: new functions, types, and
constants. I have not audited all the bindings for ABI conformance.
"""

[[audits.bytecode-alliance.audits.errno]]
who = "Dan Gohman <dev@sunfishcode.online>"
criteria = "safe-to-deploy"
version = "0.3.0"
notes = "This crate uses libc and windows-sys APIs to get and set the raw OS error value."

[[audits.bytecode-alliance.audits.errno]]
who = "Dan Gohman <dev@sunfishcode.online>"
criteria = "safe-to-deploy"
delta = "0.3.0 -> 0.3.1"
notes = "Just a dependency version bump and a bug fix for redox"

[[audits.bytecode-alliance.audits.errno]]
who = "Dan Gohman <dev@sunfishcode.online>"
criteria = "safe-to-deploy"
delta = "0.3.9 -> 0.3.10"

[[audits.bytecode-alliance.audits.fastrand]]
who = "Alex Crichton <alex@alexcrichton.com>"
criteria = "safe-to-deploy"
delta = "2.0.0 -> 2.0.1"
notes = """
This update had a few doc updates but no otherwise-substantial source code
updates.
"""

[[audits.bytecode-alliance.audits.iana-time-zone]]
who = "Dan Gohman <dev@sunfishcode.online>"
criteria = "safe-to-deploy"
version = "0.1.59"
notes = """
I also manually ran windows-bindgen and confirmed that the output matches
the bindings checked into the repo.
"""

[[audits.bytecode-alliance.audits.iana-time-zone]]
who = "Pat Hickey <pat@moreproductive.org>"
criteria = "safe-to-deploy"
delta = "0.1.59 -> 0.1.61"

[[audits.bytecode-alliance.audits.iana-time-zone-haiku]]
who = "Dan Gohman <dev@sunfishcode.online>"
criteria = "safe-to-deploy"
version = "0.1.2"

[[audits.bytecode-alliance.audits.num-traits]]
who = "Andrew Brown <andrew.brown@intel.com>"
criteria = "safe-to-deploy"
version = "0.2.19"
notes = "As advertised: a numeric library. The only `unsafe` is from some float-to-int conversions, which seems expected."

[[audits.bytecode-alliance.audits.shlex]]
who = "Alex Crichton <alex@alexcrichton.com>"
criteria = "safe-to-deploy"
version = "1.1.0"
notes = "Only minor `unsafe` code blocks which look valid and otherwise does what it says on the tin."

[[audits.bytecode-alliance.audits.signal-hook-registry]]
who = "Pat Hickey <phickey@fastly.com>"
criteria = "safe-to-deploy"
version = "1.4.1"

[[audits.google.audits.arrayvec]]
who = "Lukasz Anforowicz <lukasza@chromium.org>"
criteria = "safe-to-deploy"
version = "0.7.6"
notes = '''
Grepped for `-i cipher`, `-i crypto`, `'\bfs\b'`, `'\bnet\b'` and there were
no hits, except for some `net` usage in tests.

The crate has quite a few bits of `unsafe` Rust.  The audit comments can be
found in https://chromium-review.googlesource.com/c/chromium/src/+/6187726/2
'''
aggregated-from = "https://chromium.googlesource.com/chromium/src/+/main/third_party/rust/chromium_crates_io/supply-chain/audits.toml?format=TEXT"

[[audits.google.audits.autocfg]]
who = "Manish Goregaokar <manishearth@google.com>"
criteria = "safe-to-deploy"
version = "1.4.0"
notes = "Contains no unsafe"
aggregated-from = "https://chromium.googlesource.com/chromium/src/+/main/third_party/rust/chromium_crates_io/supply-chain/audits.toml?format=TEXT"

[[audits.google.audits.bitflags]]
who = "Lukasz Anforowicz <lukasza@chromium.org>"
criteria = "safe-to-deploy"
delta = "2.6.0 -> 2.8.0"
notes = "No changes related to `unsafe impl ... bytemuck` pieces from `src/external.rs`."
aggregated-from = "https://chromium.googlesource.com/chromium/src/+/main/third_party/rust/chromium_crates_io/supply-chain/audits.toml?format=TEXT"

[[audits.google.audits.cfg-if]]
who = "George Burgess IV <gbiv@google.com>"
criteria = "safe-to-deploy"
version = "1.0.0"
aggregated-from = "https://chromium.googlesource.com/chromiumos/third_party/rust_crates/+/refs/heads/main/cargo-vet/audits.toml?format=TEXT"

[[audits.google.audits.fastrand]]
who = "George Burgess IV <gbiv@google.com>"
criteria = "safe-to-deploy"
version = "1.9.0"
notes = """
`does-not-implement-crypto` is certified because this crate explicitly says
that the RNG here is not cryptographically secure.
"""
aggregated-from = "https://chromium.googlesource.com/chromiumos/third_party/rust_crates/+/refs/heads/main/cargo-vet/audits.toml?format=TEXT"

[[audits.google.audits.getrandom]]
who = "David Koloski <dkoloski@google.com>"
criteria = "safe-to-deploy"
delta = "0.2.2 -> 0.2.12"
notes = "Audited at https://fxrev.dev/932979"
aggregated-from = "https://fuchsia.googlesource.com/fuchsia/+/refs/heads/main/third_party/rust_crates/supply-chain/audits.toml?format=TEXT"

[[audits.google.audits.log]]
who = "danakj <danakj@chromium.org>"
criteria = "safe-to-deploy"
version = "0.4.22"
notes = """
Unsafe review in https://docs.google.com/document/d/1IXQbD1GhTRqNHIGxq6yy7qHqxeO4CwN5noMFXnqyDIM/edit?usp=sharing

Unsafety is generally very well-documented, with one exception, which we
describe in the review doc.
"""
aggregated-from = "https://chromium.googlesource.com/chromium/src/+/main/third_party/rust/chromium_crates_io/supply-chain/audits.toml?format=TEXT"

[[audits.google.audits.log]]
who = "Lukasz Anforowicz <lukasza@chromium.org>"
criteria = "safe-to-deploy"
delta = "0.4.22 -> 0.4.25"
notes = "No impact on `unsafe` usage in `lib.rs`."
aggregated-from = "https://chromium.googlesource.com/chromium/src/+/main/third_party/rust/chromium_crates_io/supply-chain/audits.toml?format=TEXT"

[[audits.google.audits.version_check]]
who = "George Burgess IV <gbiv@google.com>"
criteria = "safe-to-deploy"
version = "0.9.4"
aggregated-from = "https://chromium.googlesource.com/chromiumos/third_party/rust_crates/+/refs/heads/main/cargo-vet/audits.toml?format=TEXT"

[[audits.isrg.audits.getrandom]]
who = "David Cook <dcook@divviup.org>"
criteria = "safe-to-deploy"
delta = "0.2.12 -> 0.2.14"

[[audits.isrg.audits.getrandom]]
who = "David Cook <dcook@divviup.org>"
criteria = "safe-to-deploy"
delta = "0.2.14 -> 0.2.15"

[[audits.isrg.audits.once_cell]]
who = "Brandon Pitman <bran@bran.land>"
criteria = "safe-to-deploy"
delta = "1.17.1 -> 1.17.2"

[[audits.isrg.audits.once_cell]]
who = "David Cook <dcook@divviup.org>"
criteria = "safe-to-deploy"
delta = "1.17.2 -> 1.18.0"

[[audits.isrg.audits.once_cell]]
who = "Brandon Pitman <bran@bran.land>"
criteria = "safe-to-deploy"
delta = "1.18.0 -> 1.19.0"

[[audits.isrg.audits.once_cell]]
who = "David Cook <dcook@divviup.org>"
criteria = "safe-to-deploy"
delta = "1.19.0 -> 1.20.1"

[[audits.mozilla.wildcard-audits.core-foundation-sys]]
who = "Bobby Holley <bobbyholley@gmail.com>"
criteria = "safe-to-deploy"
user-id = 5946 # Jeff Muizelaar (jrmuizel)
start = "2020-10-14"
end = "2023-05-04"
renew = false
notes = "I've reviewed every source contribution that was neither authored nor reviewed by Mozilla."
aggregated-from = "https://hg.mozilla.org/mozilla-central/raw-file/tip/supply-chain/audits.toml"

[[audits.mozilla.wildcard-audits.unicode-width]]
who = "Manish Goregaokar <manishsmail@gmail.com>"
criteria = "safe-to-deploy"
user-id = 1139 # Manish Goregaokar (Manishearth)
start = "2019-12-05"
end = "2026-02-01"
notes = "All code written or reviewed by Manish"
aggregated-from = "https://hg.mozilla.org/mozilla-central/raw-file/tip/supply-chain/audits.toml"

[[audits.mozilla.audits.ahash]]
who = "Erich Gubler <erichdongubler@gmail.com>"
criteria = "safe-to-deploy"
delta = "0.8.7 -> 0.8.11"
aggregated-from = "https://hg.mozilla.org/mozilla-central/raw-file/tip/supply-chain/audits.toml"

[[audits.mozilla.audits.android_system_properties]]
who = "Nicolas Silva <nical@fastmail.com>"
criteria = "safe-to-deploy"
version = "0.1.2"
notes = "I wrote this crate, reviewed by jimb. It is mostly a Rust port of some C++ code we already ship."
aggregated-from = "https://hg.mozilla.org/mozilla-central/raw-file/tip/supply-chain/audits.toml"

[[audits.mozilla.audits.android_system_properties]]
who = "Mike Hommey <mh+mozilla@glandium.org>"
criteria = "safe-to-deploy"
delta = "0.1.2 -> 0.1.4"
aggregated-from = "https://hg.mozilla.org/mozilla-central/raw-file/tip/supply-chain/audits.toml"

[[audits.mozilla.audits.android_system_properties]]
who = "Mike Hommey <mh+mozilla@glandium.org>"
criteria = "safe-to-deploy"
delta = "0.1.4 -> 0.1.5"
aggregated-from = "https://hg.mozilla.org/mozilla-central/raw-file/tip/supply-chain/audits.toml"

[[audits.mozilla.audits.bitflags]]
who = "Alex Franchuk <afranchuk@mozilla.com>"
criteria = "safe-to-deploy"
delta = "1.3.2 -> 2.0.2"
notes = "Removal of some unsafe code/methods. No changes to externals, just some refactoring (mostly internal)."
aggregated-from = "https://hg.mozilla.org/mozilla-central/raw-file/tip/supply-chain/audits.toml"

[[audits.mozilla.audits.bitflags]]
who = "Nicolas Silva <nical@fastmail.com>"
criteria = "safe-to-deploy"
delta = "2.0.2 -> 2.1.0"
aggregated-from = "https://hg.mozilla.org/mozilla-central/raw-file/tip/supply-chain/audits.toml"

[[audits.mozilla.audits.bitflags]]
who = "Teodor Tanasoaia <ttanasoaia@mozilla.com>"
criteria = "safe-to-deploy"
delta = "2.2.1 -> 2.3.2"
aggregated-from = "https://hg.mozilla.org/mozilla-central/raw-file/tip/supply-chain/audits.toml"

[[audits.mozilla.audits.bitflags]]
who = "Mike Hommey <mh+mozilla@glandium.org>"
criteria = "safe-to-deploy"
delta = "2.3.3 -> 2.4.0"
aggregated-from = "https://hg.mozilla.org/mozilla-central/raw-file/tip/supply-chain/audits.toml"

[[audits.mozilla.audits.bitflags]]
who = "Jan-Erik Rediger <jrediger@mozilla.com>"
criteria = "safe-to-deploy"
delta = "2.4.0 -> 2.4.1"
notes = "Only allowing new clippy lints"
aggregated-from = "https://raw.githubusercontent.com/mozilla/glean/main/supply-chain/audits.toml"

[[audits.mozilla.audits.cc]]
who = "Mike Hommey <mh+mozilla@glandium.org>"
criteria = "safe-to-deploy"
delta = "1.0.73 -> 1.0.78"
aggregated-from = "https://hg.mozilla.org/mozilla-central/raw-file/tip/supply-chain/audits.toml"

[[audits.mozilla.audits.cc]]
who = "Jan-Erik Rediger <jrediger@mozilla.com>"
criteria = "safe-to-deploy"
delta = "1.0.78 -> 1.0.83"
aggregated-from = "https://raw.githubusercontent.com/mozilla/glean/main/supply-chain/audits.toml"

[[audits.mozilla.audits.core-foundation-sys]]
who = "Erich Gubler <erichdongubler@gmail.com>"
criteria = "safe-to-deploy"
delta = "0.8.6 -> 0.8.7"
aggregated-from = "https://hg.mozilla.org/mozilla-central/raw-file/tip/supply-chain/audits.toml"

[[audits.mozilla.audits.errno]]
who = "Mike Hommey <mh+mozilla@glandium.org>"
criteria = "safe-to-deploy"
delta = "0.3.1 -> 0.3.3"
aggregated-from = "https://hg.mozilla.org/mozilla-central/raw-file/tip/supply-chain/audits.toml"

[[audits.mozilla.audits.fastrand]]
who = "Mike Hommey <mh+mozilla@glandium.org>"
criteria = "safe-to-deploy"
delta = "1.9.0 -> 2.0.0"
aggregated-from = "https://hg.mozilla.org/mozilla-central/raw-file/tip/supply-chain/audits.toml"

[[audits.mozilla.audits.fastrand]]
who = "Mike Hommey <mh+mozilla@glandium.org>"
criteria = "safe-to-deploy"
delta = "2.0.1 -> 2.1.0"
aggregated-from = "https://hg.mozilla.org/mozilla-central/raw-file/tip/supply-chain/audits.toml"

[[audits.mozilla.audits.once_cell]]
who = "Mike Hommey <mh+mozilla@glandium.org>"
criteria = "safe-to-deploy"
delta = "1.12.0 -> 1.13.1"
aggregated-from = "https://hg.mozilla.org/mozilla-central/raw-file/tip/supply-chain/audits.toml"

[[audits.mozilla.audits.once_cell]]
who = "Mike Hommey <mh+mozilla@glandium.org>"
criteria = "safe-to-deploy"
delta = "1.13.1 -> 1.16.0"
aggregated-from = "https://hg.mozilla.org/mozilla-central/raw-file/tip/supply-chain/audits.toml"

[[audits.mozilla.audits.once_cell]]
who = "Mike Hommey <mh+mozilla@glandium.org>"
criteria = "safe-to-deploy"
delta = "1.16.0 -> 1.17.1"
aggregated-from = "https://hg.mozilla.org/mozilla-central/raw-file/tip/supply-chain/audits.toml"

[[audits.mozilla.audits.once_cell]]
who = "Erich Gubler <erichdongubler@gmail.com>"
criteria = "safe-to-deploy"
delta = "1.20.1 -> 1.20.2"
notes = "This update works around a Cargo bug that forces the addition of `portable-atomic` into a lockfile, which we have never needed to use."
aggregated-from = "https://hg.mozilla.org/mozilla-central/raw-file/tip/supply-chain/audits.toml"

[[audits.mozilla.audits.once_cell]]
who = "Erich Gubler <erichdongubler@gmail.com>"
criteria = "safe-to-deploy"
delta = "1.20.2 -> 1.20.3"
aggregated-from = "https://hg.mozilla.org/mozilla-central/raw-file/tip/supply-chain/audits.toml"

[[audits.mozilla.audits.shlex]]
who = "Max Inden <mail@max-inden.de>"
criteria = "safe-to-deploy"
delta = "1.1.0 -> 1.3.0"
aggregated-from = "https://hg.mozilla.org/mozilla-central/raw-file/tip/supply-chain/audits.toml"

[[audits.mozilla.audits.toml]]
who = "Bobby Holley <bobbyholley@gmail.com>"
criteria = "safe-to-deploy"
delta = "0.5.7 -> 0.5.9"
aggregated-from = "https://hg.mozilla.org/mozilla-central/raw-file/tip/supply-chain/audits.toml"

[[audits.mozilla.audits.toml]]
who = "Mike Hommey <mh+mozilla@glandium.org>"
criteria = "safe-to-deploy"
delta = "0.5.9 -> 0.5.10"
aggregated-from = "https://hg.mozilla.org/mozilla-central/raw-file/tip/supply-chain/audits.toml"

[[audits.mozilla.audits.toml]]
who = "Mike Hommey <mh+mozilla@glandium.org>"
criteria = "safe-to-deploy"
delta = "0.5.10 -> 0.5.11"
aggregated-from = "https://hg.mozilla.org/mozilla-central/raw-file/tip/supply-chain/audits.toml"

[[audits.mozilla.audits.wasm-bindgen]]
who = "Lars Eggert <lars@eggert.org>"
criteria = "safe-to-deploy"
delta = "0.2.99 -> 0.2.100"
aggregated-from = "https://raw.githubusercontent.com/mozilla/glean/main/supply-chain/audits.toml"

[[audits.mozilla.audits.wasm-bindgen-macro]]
who = "Lars Eggert <lars@eggert.org>"
criteria = "safe-to-deploy"
delta = "0.2.99 -> 0.2.100"
aggregated-from = "https://raw.githubusercontent.com/mozilla/glean/main/supply-chain/audits.toml"

[[audits.mozilla.audits.zerocopy]]
who = "Alex Franchuk <afranchuk@mozilla.com>"
criteria = "safe-to-deploy"
version = "0.7.32"
notes = """
This crate is `no_std` so doesn't use any side-effectful std functions. It
contains quite a lot of `unsafe` code, however. I verified portions of this. It
also has a large, thorough test suite. The project claims to run tests with
Miri to have stronger soundness checks, and also claims to use formal
verification tools to prove correctness.
"""
aggregated-from = "https://hg.mozilla.org/mozilla-central/raw-file/tip/supply-chain/audits.toml"

[[audits.mozilla.audits.zerocopy-derive]]
who = "Alex Franchuk <afranchuk@mozilla.com>"
criteria = "safe-to-deploy"
version = "0.7.32"
notes = "Clean, safe macros for zerocopy."
aggregated-from = "https://hg.mozilla.org/mozilla-central/raw-file/tip/supply-chain/audits.toml"

[[audits.zcash.audits.arrayref]]
who = "Daira-Emma Hopwood <daira@jacaranda.org>"
criteria = "safe-to-deploy"
delta = "0.3.6 -> 0.3.8"
aggregated-from = "https://raw.githubusercontent.com/zcash/zcash/master/qa/supply-chain/audits.toml"

[[audits.zcash.audits.arrayref]]
who = "Jack Grigg <jack@electriccoin.co>"
criteria = "safe-to-deploy"
delta = "0.3.8 -> 0.3.9"
notes = "Changes to `unsafe` lines are to make some existing `unsafe fn`s `const`."
aggregated-from = "https://raw.githubusercontent.com/zcash/zcash/master/qa/supply-chain/audits.toml"

[[audits.zcash.audits.blake2b_simd]]
who = "Jack Grigg <jack@z.cash>"
criteria = "safe-to-deploy"
delta = "1.0.0 -> 1.0.1"
notes = "Switches to `constant_time_eq 0.2.4`, which bumps its MSRV to 1.59."
aggregated-from = "https://raw.githubusercontent.com/zcash/zcash/master/qa/supply-chain/audits.toml"

[[audits.zcash.audits.blake2b_simd]]
who = "Jack Grigg <jack@electriccoin.co>"
criteria = "safe-to-deploy"
delta = "1.0.1 -> 1.0.2"
notes = "Switches to `constant_time_eq 0.3.0`, which bumps its MSRV to 1.66."
aggregated-from = "https://raw.githubusercontent.com/zcash/zcash/master/qa/supply-chain/audits.toml"

[[audits.zcash.audits.constant_time_eq]]
who = "Jack Grigg <jack@electriccoin.co>"
criteria = "safe-to-deploy"
delta = "0.2.4 -> 0.2.5"
notes = "No code changes."
aggregated-from = "https://raw.githubusercontent.com/zcash/zcash/master/qa/supply-chain/audits.toml"

[[audits.zcash.audits.constant_time_eq]]
who = "Jack Grigg <jack@electriccoin.co>"
criteria = "safe-to-deploy"
delta = "0.2.5 -> 0.2.6"
aggregated-from = "https://raw.githubusercontent.com/zcash/zcash/master/qa/supply-chain/audits.toml"

[[audits.zcash.audits.constant_time_eq]]
who = "Jack Grigg <jack@electriccoin.co>"
criteria = "safe-to-deploy"
delta = "0.2.6 -> 0.3.0"
notes = "Replaces some `unsafe` code by bumping MSRV to 1.66 (to access `core::hint::black_box`)."
aggregated-from = "https://raw.githubusercontent.com/zcash/zcash/master/qa/supply-chain/audits.toml"

[[audits.zcash.audits.constant_time_eq]]
who = "Jack Grigg <jack@electriccoin.co>"
criteria = "safe-to-deploy"
delta = "0.3.0 -> 0.3.1"
aggregated-from = "https://raw.githubusercontent.com/zcash/zcash/master/qa/supply-chain/audits.toml"

[[audits.zcash.audits.errno]]
who = "Jack Grigg <jack@electriccoin.co>"
criteria = "safe-to-deploy"
delta = "0.3.3 -> 0.3.8"
aggregated-from = "https://raw.githubusercontent.com/zcash/zcash/master/qa/supply-chain/audits.toml"

[[audits.zcash.audits.errno]]
who = "Daira-Emma Hopwood <daira@jacaranda.org>"
criteria = "safe-to-deploy"
delta = "0.3.8 -> 0.3.9"
aggregated-from = "https://raw.githubusercontent.com/zcash/librustzcash/main/supply-chain/audits.toml"

[[audits.zcash.audits.fastrand]]
who = "Jack Grigg <jack@electriccoin.co>"
criteria = "safe-to-deploy"
delta = "2.1.0 -> 2.1.1"
aggregated-from = "https://raw.githubusercontent.com/zcash/zcash/master/qa/supply-chain/audits.toml"

[[audits.zcash.audits.mio]]
who = "Daira-Emma Hopwood <daira@jacaranda.org>"
criteria = "safe-to-deploy"
delta = "0.8.10 -> 0.8.11"
aggregated-from = "https://raw.githubusercontent.com/zcash/zcash/master/qa/supply-chain/audits.toml"

[[audits.zcash.audits.zerocopy]]
who = "Daira-Emma Hopwood <daira@jacaranda.org>"
criteria = "safe-to-deploy"
delta = "0.7.32 -> 0.7.34"
aggregated-from = "https://raw.githubusercontent.com/zcash/librustzcash/main/supply-chain/audits.toml"

[[audits.zcash.audits.zerocopy-derive]]
who = "Daira-Emma Hopwood <daira@jacaranda.org>"
criteria = "safe-to-deploy"
delta = "0.7.32 -> 0.7.34"
aggregated-from = "https://raw.githubusercontent.com/zcash/librustzcash/main/supply-chain/audits.toml"
